
Microsoft Visual Studio Solution File, Format Version 12.00
# Visual Studio Version 16
VisualStudioVersion = 25.0.1705.2
MinimumVisualStudioVersion = 10.0.40219.1
Project("{FAE04EC0-301F-11D3-BF4B-00C04F79EFBC}") = "mission14", "mission14\mission14.csproj", "{20905DFB-9DC2-486B-9D93-785EE76AC939}"
EndProject
Global
	GlobalSection(SolutionConfigurationPlatforms) = preSolution
		Debug|Any CPU = Debug|Any CPU
		Release|Any CPU = Release|Any CPU
	EndGlobalSection
	GlobalSection(ProjectConfigurationPlatforms) = postSolution
		{20905DFB-9DC2-486B-9D93-785EE76AC939}.Debug|Any CPU.ActiveCfg = Debug|Any CPU
		{20905DFB-9DC2-486B-9D93-785EE76AC939}.Debug|Any CPU.Build.0 = Debug|Any CPU
		{20905DFB-9DC2-486B-9D93-785EE76AC939}.Release|Any CPU.ActiveCfg = Release|Any CPU
		{20905DFB-9DC2-486B-9D93-785EE76AC939}.Release|Any CPU.Build.0 = Release|Any CPU
	EndGlobalSection
	GlobalSection(SolutionProperties) = preSolution
		HideSolutionNode = FALSE
	EndGlobalSection
	GlobalSection(ExtensibilityGlobals) = postSolution
		SolutionGuid = {9D7BCF9D-D1C5-44ED-8B98-5C0D79BD821F}
	EndGlobalSection
EndGlobal
